{
  "name": "yn-cacl",
  "version": "1.0.0",
  "lockfileVersion": 1,
  "requires": true,
  "dependencies": {
    "yn-math-calc": {
      "version": "1.0.0",
      "resolved": "https://registry.npmjs.org/yn-math-calc/-/yn-math-calc-1.0.0.tgz",
      "integrity": "sha512-4embYOxbqZeiSmxQTB+WiZjSIOreAWDTgSMeNkHbT/XZNP/Eyw/Uj4WP+7rrhlEKEspb4gGgOijMsbDmgzodsQ=="
    }
  }
}
